// !$*UTF8*$!
{
	archiveVersion = 1;
	classes = {
	};
	objectVersion = 56;
	objects = {

/* Begin PBXBuildFile section */
		5C94D24B2A07D72C004C8DD0 /* LittleVideo2GifApp.swift in Sources */ = {isa = PBXBuildFile; fileRef = 5C94D24A2A07D72C004C8DD0 /* LittleVideo2GifApp.swift */; };
		5C94D24D2A07D72C004C8DD0 /* ContentView.swift in Sources */ = {isa = PBXBuildFile; fileRef = 5C94D24C2A07D72C004C8DD0 /* ContentView.swift */; };
		5C94D24F2A07D72D004C8DD0 /* Assets.xcassets in Resources */ = {isa = PBXBuildFile; fileRef = 5C94D24E2A07D72D004C8DD0 /* Assets.xcassets */; };
		5C94D2532A07D72D004C8DD0 /* Preview Assets.xcassets in Resources */ = {isa = PBXBuildFile; fileRef = 5C94D2522A07D72D004C8DD0 /* Preview Assets.xcassets */; };
		5C94D25D2A07D72D004C8DD0 /* LittleVideo2GifTests.swift in Sources */ = {isa = PBXBuildFile; fileRef = 5C94D25C2A07D72D004C8DD0 /* LittleVideo2GifTests.swift */; };
		5C94D2672A07D72D004C8DD0 /* LittleVideo2GifUITests.swift in Sources */ = {isa = PBXBuildFile; fileRef = 5C94D2662A07D72D004C8DD0 /* LittleVideo2GifUITests.swift */; };
		5C94D2692A07D72D004C8DD0 /* LittleVideo2GifUITestsLaunchTests.swift in Sources */ = {isa = PBXBuildFile; fileRef = 5C94D2682A07D72D004C8DD0 /* LittleVideo2GifUITestsLaunchTests.swift */; };
/* End PBXBuildFile section */

/* Begin PBXContainerItemProxy section */
		5C94D2592A07D72D004C8DD0 /* PBXContainerItemProxy */ = {
			isa = PBXContainerItemProxy;
			containerPortal = 5C94D23F2A07D72C004C8DD0 /* Project object */;
			proxyType = 1;
			remoteGlobalIDString = 5C94D2462A07D72C004C8DD0;
			remoteInfo = LittleVideo2Gif;
		};
		5C94D2632A07D72D004C8DD0 /* PBXContainerItemProxy */ = {
			isa = PBXContainerItemProxy;
			containerPortal = 5C94D23F2A07D72C004C8DD0 /* Project object */;
			proxyType = 1;
			remoteGlobalIDString = 5C94D2462A07D72C004C8DD0;
			remoteInfo = LittleVideo2Gif;
		};
/* End PBXContainerItemProxy section */

/* Begin PBXFileReference section */
		5C94D2472A07D72C004C8DD0 /* LittleVideo2Gif.app */ = {isa = PBXFileReference; explicitFileType = wrapper.application; includeInIndex = 0; path = LittleVideo2Gif.app; sourceTree = BUILT_PRODUCTS_DIR; };
		5C94D24A2A07D72C004C8DD0 /* LittleVideo2GifApp.swift */ = {isa = PBXFileReference; lastKnownFileType = sourcecode.swift; path = LittleVideo2GifApp.swift; sourceTree = "<group>"; };
		5C94D24C2A07D72C004C8DD0 /* ContentView.swift */ = {isa = PBXFileReference; lastKnownFileType = sourcecode.swift; path = ContentView.swift; sourceTree = "<group>"; };
		5C94D24E2A07D72D004C8DD0 /* Assets.xcassets */ = {isa = PBXFileReference; lastKnownFileType = folder.assetcatalog; path = Assets.xcassets; sourceTree = "<group>"; };
		5C94D2502A07D72D004C8DD0 /* LittleVideo2Gif.entitlements */ = {isa = PBXFileReference; lastKnownFileType = text.plist.entitlements; path = LittleVideo2Gif.entitlements; sourceTree = "<group>"; };
		5C94D2522A07D72D004C8DD0 /* Preview Assets.xcassets */ = {isa = PBXFileReference; lastKnownFileType = folder.assetcatalog; path = "Preview Assets.xcassets"; sourceTree = "<group>"; };
		5C94D2582A07D72D004C8DD0 /* LittleVideo2GifTests.xctest */ = {isa = PBXFileReference; explicitFileType = wrapper.cfbundle; includeInIndex = 0; path = LittleVideo2GifTests.xctest; sourceTree = BUILT_PRODUCTS_DIR; };
		5C94D25C2A07D72D004C8DD0 /* LittleVideo2GifTests.swift */ = {isa = PBXFileReference; lastKnownFileType = sourcecode.swift; path = LittleVideo2GifTests.swift; sourceTree = "<group>"; };
		5C94D2622A07D72D004C8DD0 /* LittleVideo2GifUITests.xctest */ = {isa = PBXFileReference; explicitFileType = wrapper.cfbundle; includeInIndex = 0; path = LittleVideo2GifUITests.xctest; sourceTree = BUILT_PRODUCTS_DIR; };
		5C94D2662A07D72D004C8DD0 /* LittleVideo2GifUITests.swift */ = {isa = PBXFileReference; lastKnownFileType = sourcecode.swift; path = LittleVideo2GifUITests.swift; sourceTree = "<group>"; };
		5C94D2682A07D72D004C8DD0 /* LittleVideo2GifUITestsLaunchTests.swift */ = {isa = PBXFileReference; lastKnownFileType = sourcecode.swift; path = LittleVideo2GifUITestsLaunchTests.swift; sourceTree = "<group>"; };
		5C94D27B2A095B0E004C8DD0 /* Info.plist */ = {isa = PBXFileReference; lastKnownFileType = text.plist.xml; path = Info.plist; sourceTree = "<group>"; };
/* End PBXFileReference section */

/* Begin PBXFrameworksBuildPhase section */
		5C94D2442A07D72C004C8DD0 /* Frameworks */ = {
			isa = PBXFrameworksBuildPhase;
			buildActionMask = 2147483647;
			files = (
			);
			runOnlyForDeploymentPostprocessing = 0;
		};
		5C94D2552A07D72D004C8DD0 /* Frameworks */ = {
			isa = PBXFrameworksBuildPhase;
			buildActionMask = 2147483647;
			files = (
			);
			runOnlyForDeploymentPostprocessing = 0;
		};
		5C94D25F2A07D72D004C8DD0 /* Frameworks */ = {
			isa = PBXFrameworksBuildPhase;
			buildActionMask = 2147483647;
			files = (
			);
			runOnlyForDeploymentPostprocessing = 0;
		};
/* End PBXFrameworksBuildPhase section */

/* Begin PBXGroup section */
		5C94D23E2A07D72C004C8DD0 = {
			isa = PBXGroup;
			children = (
				5C94D2492A07D72C004C8DD0 /* LittleVideo2Gif */,
				5C94D25B2A07D72D004C8DD0 /* LittleVideo2GifTests */,
				5C94D2652A07D72D004C8DD0 /* LittleVideo2GifUITests */,
				5C94D2482A07D72C004C8DD0 /* Products */,
			);
			sourceTree = "<group>";
		};
		5C94D2482A07D72C004C8DD0 /* Products */ = {
			isa = PBXGroup;
			children = (
				5C94D2472A07D72C004C8DD0 /* LittleVideo2Gif.app */,
				5C94D2582A07D72D004C8DD0 /* LittleVideo2GifTests.xctest */,
				5C94D2622A07D72D004C8DD0 /* LittleVideo2GifUITests.xctest */,
			);
			name = Products;
			sourceTree = "<group>";
		};
		5C94D2492A07D72C004C8DD0 /* LittleVideo2Gif */ = {
			isa = PBXGroup;
			children = (
				5C94D24A2A07D72C004C8DD0 /* LittleVideo2GifApp.swift */,
				5C94D24C2A07D72C004C8DD0 /* ContentView.swift */,
				5C94D24E2A07D72D004C8DD0 /* Assets.xcassets */,
				5C94D2502A07D72D004C8DD0 /* LittleVideo2Gif.entitlements */,
				5C94D2512A07D72D004C8DD0 /* Preview Content */,
				5C94D27B2A095B0E004C8DD0 /* Info.plist */,
			);
			path = LittleVideo2Gif;
			sourceTree = "<group>";
		};
		5C94D2512A07D72D004C8DD0 /* Preview Content */ = {
			isa = PBXGroup;
			children = (
				5C94D2522A07D72D004C8DD0 /* Preview Assets.xcassets */,
			);
			path = "Preview Content";
			sourceTree = "<group>";
		};
		5C94D25B2A07D72D004C8DD0 /* LittleVideo2GifTests */ = {
			isa = PBXGroup;
			children = (
				5C94D25C2A07D72D004C8DD0 /* LittleVideo2GifTests.swift */,
			);
			path = LittleVideo2GifTests;
			sourceTree = "<group>";
		};
		5C94D2652A07D72D004C8DD0 /* LittleVideo2GifUITests */ = {
			isa = PBXGroup;
			children = (
				5C94D2662A07D72D004C8DD0 /* LittleVideo2GifUITests.swift */,
				5C94D2682A07D72D004C8DD0 /* LittleVideo2GifUITestsLaunchTests.swift */,
			);
			path = LittleVideo2GifUITests;
			sourceTree = "<group>";
		};
/* End PBXGroup section */

/* Begin PBXNativeTarget section */
		5C94D2462A07D72C004C8DD0 /* LittleVideo2Gif */ = {
			isa = PBXNativeTarget;
			buildConfigurationList = 5C94D26C2A07D72D004C8DD0 /* Build configuration list for PBXNativeTarget "LittleVideo2Gif" */;
			buildPhases = (
				5C94D2432A07D72C004C8DD0 /* Sources */,
				5C94D2442A07D72C004C8DD0 /* Frameworks */,
				5C94D2452A07D72C004C8DD0 /* Resources */,
			);
			buildRules = (
			);
			dependencies = (
			);
			name = LittleVideo2Gif;
			productName = LittleVideo2Gif;
			productReference = 5C94D2472A07D72C004C8DD0 /* LittleVideo2Gif.app */;
			productType = "com.apple.product-type.application";
		};
		5C94D2572A07D72D004C8DD0 /* LittleVideo2GifTests */ = {
			isa = PBXNativeTarget;
			buildConfigurationList = 5C94D26F2A07D72D004C8DD0 /* Build configuration list for PBXNativeTarget "LittleVideo2GifTests" */;
			buildPhases = (
				5C94D2542A07D72D004C8DD0 /* Sources */,
				5C94D2552A07D72D004C8DD0 /* Frameworks */,
				5C94D2562A07D72D004C8DD0 /* Resources */,
			);
			buildRules = (
			);
			dependencies = (
				5C94D25A2A07D72D004C8DD0 /* PBXTargetDependency */,
			);
			name = LittleVideo2GifTests;
			productName = LittleVideo2GifTests;
			productReference = 5C94D2582A07D72D004C8DD0 /* LittleVideo2GifTests.xctest */;
			productType = "com.apple.product-type.bundle.unit-test";
		};
		5C94D2612A07D72D004C8DD0 /* LittleVideo2GifUITests */ = {
			isa = PBXNativeTarget;
			buildConfigurationList = 5C94D2722A07D72D004C8DD0 /* Build configuration list for PBXNativeTarget "LittleVideo2GifUITests" */;
			buildPhases = (
				5C94D25E2A07D72D004C8DD0 /* Sources */,
				5C94D25F2A07D72D004C8DD0 /* Frameworks */,
				5C94D2602A07D72D004C8DD0 /* Resources */,
			);
			buildRules = (
			);
			dependencies = (
				5C94D2642A07D72D004C8DD0 /* PBXTargetDependency */,
			);
			name = LittleVideo2GifUITests;
			productName = LittleVideo2GifUITests;
			productReference = 5C94D2622A07D72D004C8DD0 /* LittleVideo2GifUITests.xctest */;
			productType = "com.apple.product-type.bundle.ui-testing";
		};
/* End PBXNativeTarget section */

/* Begin PBXProject section */
		5C94D23F2A07D72C004C8DD0 /* Project object */ = {
			isa = PBXProject;
			attributes = {
				BuildIndependentTargetsInParallel = 1;
				LastSwiftUpdateCheck = 1420;
				LastUpgradeCheck = 1420;
				TargetAttributes = {
					5C94D2462A07D72C004C8DD0 = {
						CreatedOnToolsVersion = 14.2;
					};
					5C94D2572A07D72D004C8DD0 = {
						CreatedOnToolsVersion = 14.2;
						TestTargetID = 5C94D2462A07D72C004C8DD0;
					};
					5C94D2612A07D72D004C8DD0 = {
						CreatedOnToolsVersion = 14.2;
						TestTargetID = 5C94D2462A07D72C004C8DD0;
					};
				};
			};
			buildConfigurationList = 5C94D2422A07D72C004C8DD0 /* Build configuration list for PBXProject "LittleVideo2Gif" */;
			compatibilityVersion = "Xcode 14.0";
			developmentRegion = en;
			hasScannedForEncodings = 0;
			knownRegions = (
				en,
				Base,
			);
			mainGroup = 5C94D23E2A07D72C004C8DD0;
			productRefGroup = 5C94D2482A07D72C004C8DD0 /* Products */;
			projectDirPath = "";
			projectRoot = "";
			targets = (
				5C94D2462A07D72C004C8DD0 /* LittleVideo2Gif */,
				5C94D2572A07D72D004C8DD0 /* LittleVideo2GifTests */,
				5C94D2612A07D72D004C8DD0 /* LittleVideo2GifUITests */,
			);
		};
/* End PBXProject section */

/* Begin PBXResourcesBuildPhase section */
		5C94D2452A07D72C004C8DD0 /* Resources */ = {
			isa = PBXResourcesBuildPhase;
			buildActionMask = 2147483647;
			files = (
				5C94D2532A07D72D004C8DD0 /* Preview Assets.xcassets in Resources */,
				5C94D24F2A07D72D004C8DD0 /* Assets.xcassets in Resources */,
			);
			runOnlyForDeploymentPostprocessing = 0;
		};
		5C94D2562A07D72D004C8DD0 /* Resources */ = {
			isa = PBXResourcesBuildPhase;
			buildActionMask = 2147483647;
			files = (
			);
			runOnlyForDeploymentPostprocessing = 0;
		};
		5C94D2602A07D72D004C8DD0 /* Resources */ = {
			isa = PBXResourcesBuildPhase;
			buildActionMask = 2147483647;
			files = (
			);
			runOnlyForDeploymentPostprocessing = 0;
		};
/* End PBXResourcesBuildPhase section */

/* Begin PBXSourcesBuildPhase section */
		5C94D2432A07D72C004C8DD0 /* Sources */ = {
			isa = PBXSourcesBuildPhase;
			buildActionMask = 2147483647;
			files = (
				5C94D24D2A07D72C004C8DD0 /* ContentView.swift in Sources */,
				5C94D24B2A07D72C004C8DD0 /* LittleVideo2GifApp.swift in Sources */,
			);
			runOnlyForDeploymentPostprocessing = 0;
		};
		5C94D2542A07D72D004C8DD0 /* Sources */ = {
			isa = PBXSourcesBuildPhase;
			buildActionMask = 2147483647;
			files = (
				5C94D25D2A07D72D004C8DD0 /* LittleVideo2GifTests.swift in Sources */,
			);
			runOnlyForDeploymentPostprocessing = 0;
		};
		5C94D25E2A07D72D004C8DD0 /* Sources */ = {
			isa = PBXSourcesBuildPhase;
			buildActionMask = 2147483647;
			files = (
				5C94D2692A07D72D004C8DD0 /* LittleVideo2GifUITestsLaunchTests.swift in Sources */,
				5C94D2672A07D72D004C8DD0 /* LittleVideo2GifUITests.swift in Sources */,
			);
			runOnlyForDeploymentPostprocessing = 0;
		};
/* End PBXSourcesBuildPhase section */

/* Begin PBXTargetDependency section */
		5C94D25A2A07D72D004C8DD0 /* PBXTargetDependency */ = {
			isa = PBXTargetDependency;
			target = 5C94D2462A07D72C004C8DD0 /* LittleVideo2Gif */;
			targetProxy = 5C94D2592A07D72D004C8DD0 /* PBXContainerItemProxy */;
		};
		5C94D2642A07D72D004C8DD0 /* PBXTargetDependency */ = {
			isa = PBXTargetDependency;
			target = 5C94D2462A07D72C004C8DD0 /* LittleVideo2Gif */;
			targetProxy = 5C94D2632A07D72D004C8DD0 /* PBXContainerItemProxy */;
		};
/* End PBXTargetDependency section */

/* Begin XCBuildConfiguration section */
		5C94D26A2A07D72D004C8DD0 /* Debug */ = {
			isa = XCBuildConfiguration;
			buildSettings = {
				ALWAYS_SEARCH_USER_PATHS = NO;
				CLANG_ANALYZER_NONNULL = YES;
				CLANG_ANALYZER_NUMBER_OBJECT_CONVERSION = YES_AGGRESSIVE;
				CLANG_CXX_LANGUAGE_STANDARD = "gnu++20";
				CLANG_ENABLE_MODULES = YES;
				CLANG_ENABLE_OBJC_ARC = YES;
				CLANG_ENABLE_OBJC_WEAK = YES;
				CLANG_WARN_BLOCK_CAPTURE_AUTORELEASING = YES;
				CLANG_WARN_BOOL_CONVERSION = YES;
				CLANG_WARN_COMMA = YES;
				CLANG_WARN_CONSTANT_CONVERSION = YES;
				CLANG_WARN_DEPRECATED_OBJC_IMPLEMENTATIONS = YES;
				CLANG_WARN_DIRECT_OBJC_ISA_USAGE = YES_ERROR;
				CLANG_WARN_DOCUMENTATION_COMMENTS = YES;
				CLANG_WARN_EMPTY_BODY = YES;
				CLANG_WARN_ENUM_CONVERSION = YES;
				CLANG_WARN_INFINITE_RECURSION = YES;
				CLANG_WARN_INT_CONVERSION = YES;
				CLANG_WARN_NON_LITERAL_NULL_CONVERSION = YES;
				CLANG_WARN_OBJC_IMPLICIT_RETAIN_SELF = YES;
				CLANG_WARN_OBJC_LITERAL_CONVERSION = YES;
				CLANG_WARN_OBJC_ROOT_CLASS = YES_ERROR;
				CLANG_WARN_QUOTED_INCLUDE_IN_FRAMEWORK_HEADER = YES;
				CLANG_WARN_RANGE_LOOP_ANALYSIS = YES;
				CLANG_WARN_STRICT_PROTOTYPES = YES;
				CLANG_WARN_SUSPICIOUS_MOVE = YES;
				CLANG_WARN_UNGUARDED_AVAILABILITY = YES_AGGRESSIVE;
				CLANG_WARN_UNREACHABLE_CODE = YES;
				CLANG_WARN__DUPLICATE_METHOD_MATCH = YES;
				COPY_PHASE_STRIP = NO;
				DEBUG_INFORMATION_FORMAT = dwarf;
				ENABLE_STRICT_OBJC_MSGSEND = YES;
				ENABLE_TESTABILITY = YES;
				GCC_C_LANGUAGE_STANDARD = gnu11;
				GCC_DYNAMIC_NO_PIC = NO;
				GCC_NO_COMMON_BLOCKS = YES;
				GCC_OPTIMIZATION_LEVEL = 0;
				GCC_PREPROCESSOR_DEFINITIONS = (
					"DEBUG=1",
					"$(inherited)",
				);
				GCC_WARN_64_TO_32_BIT_CONVERSION = YES;
				GCC_WARN_ABOUT_RETURN_TYPE = YES_ERROR;
				GCC_WARN_UNDECLARED_SELECTOR = YES;
				GCC_WARN_UNINITIALIZED_AUTOS = YES_AGGRESSIVE;
				GCC_WARN_UNUSED_FUNCTION = YES;
				GCC_WARN_UNUSED_VARIABLE = YES;
				MTL_ENABLE_DEBUG_INFO = INCLUDE_SOURCE;
				MTL_FAST_MATH = YES;
				ONLY_ACTIVE_ARCH = YES;
				SWIFT_ACTIVE_COMPILATION_CONDITIONS = DEBUG;
				SWIFT_OPTIMIZATION_LEVEL = "-Onone";
			};
			name = Debug;
		};
		5C94D26B2A07D72D004C8DD0 /* Release */ = {
			isa = XCBuildConfiguration;
			buildSettings = {
				ALWAYS_SEARCH_USER_PATHS = NO;
				CLANG_ANALYZER_NONNULL = YES;
				CLANG_ANALYZER_NUMBER_OBJECT_CONVERSION = YES_AGGRESSIVE;
				CLANG_CXX_LANGUAGE_STANDARD = "gnu++20";
				CLANG_ENABLE_MODULES = YES;
				CLANG_ENABLE_OBJC_ARC = YES;
				CLANG_ENABLE_OBJC_WEAK = YES;
				CLANG_WARN_BLOCK_CAPTURE_AUTORELEASING = YES;
				CLANG_WARN_BOOL_CONVERSION = YES;
				CLANG_WARN_COMMA = YES;
				CLANG_WARN_CONSTANT_CONVERSION = YES;
				CLANG_WARN_DEPRECATED_OBJC_IMPLEMENTATIONS = YES;
				CLANG_WARN_DIRECT_OBJC_ISA_USAGE = YES_ERROR;
				CLANG_WARN_DOCUMENTATION_COMMENTS = YES;
				CLANG_WARN_EMPTY_BODY = YES;
				CLANG_WARN_ENUM_CONVERSION = YES;
				CLANG_WARN_INFINITE_RECURSION = YES;
				CLANG_WARN_INT_CONVERSION = YES;
				CLANG_WARN_NON_LITERAL_NULL_CONVERSION = YES;
				CLANG_WARN_OBJC_IMPLICIT_RETAIN_SELF = YES;
				CLANG_WARN_OBJC_LITERAL_CONVERSION = YES;
				CLANG_WARN_OBJC_ROOT_CLASS = YES_ERROR;
				CLANG_WARN_QUOTED_INCLUDE_IN_FRAMEWORK_HEADER = YES;
				CLANG_WARN_RANGE_LOOP_ANALYSIS = YES;
				CLANG_WARN_STRICT_PROTOTYPES = YES;
				CLANG_WARN_SUSPICIOUS_MOVE = YES;
				CLANG_WARN_UNGUARDED_AVAILABILITY = YES_AGGRESSIVE;
				CLANG_WARN_UNREACHABLE_CODE = YES;
				CLANG_WARN__DUPLICATE_METHOD_MATCH = YES;
				COPY_PHASE_STRIP = NO;
				DEBUG_INFORMATION_FORMAT = "dwarf-with-dsym";
				ENABLE_NS_ASSERTIONS = NO;
				ENABLE_STRICT_OBJC_MSGSEND = YES;
				GCC_C_LANGUAGE_STANDARD = gnu11;
				GCC_NO_COMMON_BLOCKS = YES;
				GCC_WARN_64_TO_32_BIT_CONVERSION = YES;
				GCC_WARN_ABOUT_RETURN_TYPE = YES_ERROR;
				GCC_WARN_UNDECLARED_SELECTOR = YES;
				GCC_WARN_UNINITIALIZED_AUTOS = YES_AGGRESSIVE;
				GCC_WARN_UNUSED_FUNCTION = YES;
				GCC_WARN_UNUSED_VARIABLE = YES;
				MTL_ENABLE_DEBUG_INFO = NO;
				MTL_FAST_MATH = YES;
				SWIFT_COMPILATION_MODE = wholemodule;
				SWIFT_OPTIMIZATION_LEVEL = "-O";
			};
			name = Release;
		};
		5C94D26D2A07D72D004C8DD0 /* Debug */ = {
			isa = XCBuildConfiguration;
			buildSettings = {
				ASSETCATALOG_COMPILER_APPICON_NAME = AppIcon;
				ASSETCATALOG_COMPILER_GLOBAL_ACCENT_COLOR_NAME = AccentColor;
				CODE_SIGN_ENTITLEMENTS = LittleVideo2Gif/LittleVideo2Gif.entitlements;
				CODE_SIGN_STYLE = Automatic;
				CURRENT_PROJECT_VERSION = 1;
				DEVELOPMENT_ASSET_PATHS = "\"LittleVideo2Gif/Preview Content\"";
				DEVELOPMENT_TEAM = 4G997HZ2AY;
				ENABLE_HARDENED_RUNTIME = YES;
				ENABLE_PREVIEWS = YES;
				GENERATE_INFOPLIST_FILE = YES;
				INFOPLIST_FILE = /Volumes/Kingston2T/Document/StoneProject/TeacherGPT/LittleVideo2Gif/LittleVideo2Gif/LittleVideo2Gif/Info.plist;
				"INFOPLIST_KEY_UIApplicationSceneManifest_Generation[sdk=iphoneos*]" = YES;
				"INFOPLIST_KEY_UIApplicationSceneManifest_Generation[sdk=iphonesimulator*]" = YES;
				"INFOPLIST_KEY_UIApplicationSupportsIndirectInputEvents[sdk=iphoneos*]" = YES;
				"INFOPLIST_KEY_UIApplicationSupportsIndirectInputEvents[sdk=iphonesimulator*]" = YES;
				"INFOPLIST_KEY_UILaunchScreen_Generation[sdk=iphoneos*]" = YES;
				"INFOPLIST_KEY_UILaunchScreen_Generation[sdk=iphonesimulator*]" = YES;
				"INFOPLIST_KEY_UIStatusBarStyle[sdk=iphoneos*]" = UIStatusBarStyleDefault;
				"INFOPLIST_KEY_UIStatusBarStyle[sdk=iphonesimulator*]" = UIStatusBarStyleDefault;
				INFOPLIST_KEY_UISupportedInterfaceOrientations_iPad = "UIInterfaceOrientationPortrait UIInterfaceOrientationPortraitUpsideDown UIInterfaceOrientationLandscapeLeft UIInterfaceOrientationLandscapeRight";
				INFOPLIST_KEY_UISupportedInterfaceOrientations_iPhone = "UIInterfaceOrientationPortrait UIInterfaceOrientationLandscapeLeft UIInterfaceOrientationLandscapeRight";
				IPHONEOS_DEPLOYMENT_TARGET = 16.2;
				LD_RUNPATH_SEARCH_PATHS = "@executable_path/Frameworks";
				"LD_RUNPATH_SEARCH_PATHS[sdk=macosx*]" = "@executable_path/../Frameworks";
				MACOSX_DEPLOYMENT_TARGET = 13.1;
				MARKETING_VERSION = 1.0;
				PRODUCT_BUNDLE_IDENTIFIER = com.DemoStone.LittleVideo2Gif;
				PRODUCT_NAME = "$(TARGET_NAME)";
				SDKROOT = auto;
				SUPPORTED_PLATFORMS = "iphoneos iphonesimulator macosx";
				SWIFT_EMIT_LOC_STRINGS = YES;
				SWIFT_VERSION = 5.0;
				TARGETED_DEVICE_FAMILY = "1,2";
			};
			name = Debug;
		};
		5C94D26E2A07D72D004C8DD0 /* Release */ = {
			isa = XCBuildConfiguration;
			buildSettings = {
				ASSETCATALOG_COMPILER_APPICON_NAME = AppIcon;
				ASSETCATALOG_COMPILER_GLOBAL_ACCENT_COLOR_NAME = AccentColor;
				CODE_SIGN_ENTITLEMENTS = LittleVideo2Gif/LittleVideo2Gif.entitlements;
				CODE_SIGN_STYLE = Automatic;
				CURRENT_PROJECT_VERSION = 1;
				DEVELOPMENT_ASSET_PATHS = "\"LittleVideo2Gif/Preview Content\"";
				DEVELOPMENT_TEAM = 4G997HZ2AY;
				ENABLE_HARDENED_RUNTIME = YES;
				ENABLE_PREVIEWS = YES;
				GENERATE_INFOPLIST_FILE = YES;
				INFOPLIST_FILE = /Volumes/Kingston2T/Document/StoneProject/TeacherGPT/LittleVideo2Gif/LittleVideo2Gif/LittleVideo2Gif/Info.plist;
				"INFOPLIST_KEY_UIApplicationSceneManifest_Generation[sdk=iphoneos*]" = YES;
				"INFOPLIST_KEY_UIApplicationSceneManifest_Generation[sdk=iphonesimulator*]" = YES;
				"INFOPLIST_KEY_UIApplicationSupportsIndirectInputEvents[sdk=iphoneos*]" = YES;
				"INFOPLIST_KEY_UIApplicationSupportsIndirectInputEvents[sdk=iphonesimulator*]" = YES;
				"INFOPLIST_KEY_UILaunchScreen_Generation[sdk=iphoneos*]" = YES;
				"INFOPLIST_KEY_UILaunchScreen_Generation[sdk=iphonesimulator*]" = YES;
				"INFOPLIST_KEY_UIStatusBarStyle[sdk=iphoneos*]" = UIStatusBarStyleDefault;
				"INFOPLIST_KEY_UIStatusBarStyle[sdk=iphonesimulator*]" = UIStatusBarStyleDefault;
				INFOPLIST_KEY_UISupportedInterfaceOrientations_iPad = "UIInterfaceOrientationPortrait UIInterfaceOrientationPortraitUpsideDown UIInterfaceOrientationLandscapeLeft UIInterfaceOrientationLandscapeRight";
				INFOPLIST_KEY_UISupportedInterfaceOrientations_iPhone = "UIInterfaceOrientationPortrait UIInterfaceOrientationLandscapeLeft UIInterfaceOrientationLandscapeRight";
				IPHONEOS_DEPLOYMENT_TARGET = 16.2;
				LD_RUNPATH_SEARCH_PATHS = "@executable_path/Frameworks";
				"LD_RUNPATH_SEARCH_PATHS[sdk=macosx*]" = "@executable_path/../Frameworks";
				MACOSX_DEPLOYMENT_TARGET = 13.1;
				MARKETING_VERSION = 1.0;
				PRODUCT_BUNDLE_IDENTIFIER = com.DemoStone.LittleVideo2Gif;
				PRODUCT_NAME = "$(TARGET_NAME)";
				SDKROOT = auto;
				SUPPORTED_PLATFORMS = "iphoneos iphonesimulator macosx";
				SWIFT_EMIT_LOC_STRINGS = YES;
				SWIFT_VERSION = 5.0;
				TARGETED_DEVICE_FAMILY = "1,2";
			};
			name = Release;
		};
		5C94D2702A07D72D004C8DD0 /* Debug */ = {
			isa = XCBuildConfiguration;
			buildSettings = {
				ALWAYS_EMBED_SWIFT_STANDARD_LIBRARIES = YES;
				BUNDLE_LOADER = "$(TEST_HOST)";
				CODE_SIGN_STYLE = Automatic;
				CURRENT_PROJECT_VERSION = 1;
				DEVELOPMENT_TEAM = 4G997HZ2AY;
				GENERATE_INFOPLIST_FILE = YES;
				IPHONEOS_DEPLOYMENT_TARGET = 16.2;
				MACOSX_DEPLOYMENT_TARGET = 13.1;
				MARKETING_VERSION = 1.0;
				PRODUCT_BUNDLE_IDENTIFIER = com.DemoStone.LittleVideo2GifTests;
				PRODUCT_NAME = "$(TARGET_NAME)";
				SDKROOT = auto;
				SUPPORTED_PLATFORMS = "iphoneos iphonesimulator macosx";
				SWIFT_EMIT_LOC_STRINGS = NO;
				SWIFT_VERSION = 5.0;
				TARGETED_DEVICE_FAMILY = "1,2";
				TEST_HOST = "$(BUILT_PRODUCTS_DIR)/LittleVideo2Gif.app/$(BUNDLE_EXECUTABLE_FOLDER_PATH)/LittleVideo2Gif";
			};
			name = Debug;
		};
		5C94D2712A07D72D004C8DD0 /* Release */ = {
			isa = XCBuildConfiguration;
			buildSettings = {
				ALWAYS_EMBED_SWIFT_STANDARD_LIBRARIES = YES;
				BUNDLE_LOADER = "$(TEST_HOST)";
				CODE_SIGN_STYLE = Automatic;
				CURRENT_PROJECT_VERSION = 1;
				DEVELOPMENT_TEAM = 4G997HZ2AY;
				GENERATE_INFOPLIST_FILE = YES;
				IPHONEOS_DEPLOYMENT_TARGET = 16.2;
				MACOSX_DEPLOYMENT_TARGET = 13.1;
				MARKETING_VERSION = 1.0;
				PRODUCT_BUNDLE_IDENTIFIER = com.DemoStone.LittleVideo2GifTests;
				PRODUCT_NAME = "$(TARGET_NAME)";
				SDKROOT = auto;
				SUPPORTED_PLATFORMS = "iphoneos iphonesimulator macosx";
				SWIFT_EMIT_LOC_STRINGS = NO;
				SWIFT_VERSION = 5.0;
				TARGETED_DEVICE_FAMILY = "1,2";
				TEST_HOST = "$(BUILT_PRODUCTS_DIR)/LittleVideo2Gif.app/$(BUNDLE_EXECUTABLE_FOLDER_PATH)/LittleVideo2Gif";
			};
			name = Release;
		};
		5C94D2732A07D72D004C8DD0 /* Debug */ = {
			isa = XCBuildConfiguration;
			buildSettings = {
				ALWAYS_EMBED_SWIFT_STANDARD_LIBRARIES = YES;
				CODE_SIGN_STYLE = Automatic;
				CURRENT_PROJECT_VERSION = 1;
				DEVELOPMENT_TEAM = 4G997HZ2AY;
				GENERATE_INFOPLIST_FILE = YES;
				IPHONEOS_DEPLOYMENT_TARGET = 16.2;
				MACOSX_DEPLOYMENT_TARGET = 13.1;
				MARKETING_VERSION = 1.0;
				PRODUCT_BUNDLE_IDENTIFIER = com.DemoStone.LittleVideo2GifUITests;
				PRODUCT_NAME = "$(TARGET_NAME)";
				SDKROOT = auto;
				SUPPORTED_PLATFORMS = "iphoneos iphonesimulator macosx";
				SWIFT_EMIT_LOC_STRINGS = NO;
				SWIFT_VERSION = 5.0;
				TARGETED_DEVICE_FAMILY = "1,2";
				TEST_TARGET_NAME = LittleVideo2Gif;
			};
			name = Debug;
		};
		5C94D2742A07D72D004C8DD0 /* Release */ = {
			isa = XCBuildConfiguration;
			buildSettings = {
				ALWAYS_EMBED_SWIFT_STANDARD_LIBRARIES = YES;
				CODE_SIGN_STYLE = Automatic;
				CURRENT_PROJECT_VERSION = 1;
				DEVELOPMENT_TEAM = 4G997HZ2AY;
				GENERATE_INFOPLIST_FILE = YES;
				IPHONEOS_DEPLOYMENT_TARGET = 16.2;
				MACOSX_DEPLOYMENT_TARGET = 13.1;
				MARKETING_VERSION = 1.0;
				PRODUCT_BUNDLE_IDENTIFIER = com.DemoStone.LittleVideo2GifUITests;
				PRODUCT_NAME = "$(TARGET_NAME)";
				SDKROOT = auto;
				SUPPORTED_PLATFORMS = "iphoneos iphonesimulator macosx";
				SWIFT_EMIT_LOC_STRINGS = NO;
				SWIFT_VERSION = 5.0;
				TARGETED_DEVICE_FAMILY = "1,2";
				TEST_TARGET_NAME = LittleVideo2Gif;
			};
			name = Release;
		};
/* End XCBuildConfiguration section */

/* Begin XCConfigurationList section */
		5C94D2422A07D72C004C8DD0 /* Build configuration list for PBXProject "LittleVideo2Gif" */ = {
			isa = XCConfigurationList;
			buildConfigurations = (
				5C94D26A2A07D72D004C8DD0 /* Debug */,
				5C94D26B2A07D72D004C8DD0 /* Release */,
			);
			defaultConfigurationIsVisible = 0;
			defaultConfigurationName = Release;
		};
		5C94D26C2A07D72D004C8DD0 /* Build configuration list for PBXNativeTarget "LittleVideo2Gif" */ = {
			isa = XCConfigurationList;
			buildConfigurations = (
				5C94D26D2A07D72D004C8DD0 /* Debug */,
				5C94D26E2A07D72D004C8DD0 /* Release */,
			);
			defaultConfigurationIsVisible = 0;
			defaultConfigurationName = Release;
		};
		5C94D26F2A07D72D004C8DD0 /* Build configuration list for PBXNativeTarget "LittleVideo2GifTests" */ = {
			isa = XCConfigurationList;
			buildConfigurations = (
				5C94D2702A07D72D004C8DD0 /* Debug */,
				5C94D2712A07D72D004C8DD0 /* Release */,
			);
			defaultConfigurationIsVisible = 0;
			defaultConfigurationName = Release;
		};
		5C94D2722A07D72D004C8DD0 /* Build configuration list for PBXNativeTarget "LittleVideo2GifUITests" */ = {
			isa = XCConfigurationList;
			buildConfigurations = (
				5C94D2732A07D72D004C8DD0 /* Debug */,
				5C94D2742A07D72D004C8DD0 /* Release */,
			);
			defaultConfigurationIsVisible = 0;
			defaultConfigurationName = Release;
		};
/* End XCConfigurationList section */
	};
	rootObject = 5C94D23F2A07D72C004C8DD0 /* Project object */;
}
